// !$*UTF8*$!
{
	archiveVersion = 1;
	classes = {
	};
	objectVersion = 46;
	objects = {

/* Begin PBXBuildFile section */
		08A991F11E087C5400B47D8D /* AppDelegate.swift in Sources */ = {isa = PBXBuildFile; fileRef = 08A991F01E087C5400B47D8D /* AppDelegate.swift */; };
		08A991F31E087C5400B47D8D /* ViewController.swift in Sources */ = {isa = PBXBuildFile; fileRef = 08A991F21E087C5400B47D8D /* ViewController.swift */; };
		08A991F61E087C5400B47D8D /* Main.storyboard in Resources */ = {isa = PBXBuildFile; fileRef = 08A991F41E087C5400B47D8D /* Main.storyboard */; };
		08A991F81E087C5400B47D8D /* Assets.xcassets in Resources */ = {isa = PBXBuildFile; fileRef = 08A991F71E087C5400B47D8D /* Assets.xcassets */; };
		08A991FB1E087C5400B47D8D /* LaunchScreen.storyboard in Resources */ = {isa = PBXBuildFile; fileRef = 08A991F91E087C5400B47D8D /* LaunchScreen.storyboard */; };
/* End PBXBuildFile section */

/* Begin PBXFileReference section */
		08A991ED1E087C5400B47D8D /* abacus.app */ = {isa = PBXFileReference; explicitFileType = wrapper.application; includeInIndex = 0; path = abacus.app; sourceTree = BUILT_PRODUCTS_DIR; };
		08A991F01E087C5400B47D8D /* AppDelegate.swift */ = {isa = PBXFileReference; lastKnownFileType = sourcecode.swift; path = AppDelegate.swift; sourceTree = "<group>"; };
		08A991F21E087C5400B47D8D /* ViewController.swift */ = {isa = PBXFileReference; lastKnownFileType = sourcecode.swift; path = ViewController.swift; sourceTree = "<group>"; };
		08A991F51E087C5400B47D8D /* Base */ = {isa = PBXFileReference; lastKnownFileType = file.storyboard; name = Base; path = Base.lproj/Main.storyboard; sourceTree = "<group>"; };
		08A991F71E087C5400B47D8D /* Assets.xcassets */ = {isa = PBXFileReference; lastKnownFileType = folder.assetcatalog; path = Assets.xcassets; sourceTree = "<group>"; };
		08A991FA1E087C5400B47D8D /* Base */ = {isa = PBXFileReference; lastKnownFileType = file.storyboard; name = Base; path = Base.lproj/LaunchScreen.storyboard; sourceTree = "<group>"; };
		08A991FC1E087C5400B47D8D /* Info.plist */ = {isa = PBXFileReference; lastKnownFileType = text.plist.xml; path = Info.plist; sourceTree = "<group>"; };
/* End PBXFileReference section */

/* Begin PBXFrameworksBuildPhase section */
		08A991EA1E087C5400B47D8D /* Frameworks */ = {
			isa = PBXFrameworksBuildPhase;
			buildActionMask = 2147483647;
			files = (
			);
			runOnlyForDeploymentPostprocessing = 0;
		};
/* End PBXFrameworksBuildPhase section */

/* Begin PBXGroup section */
		08A991E41E087C5400B47D8D = {
			isa = PBXGroup;
			children = (
				08A991EF1E087C5400B47D8D /* abacus */,
				08A991EE1E087C5400B47D8D /* Products */,
			);
			sourceTree = "<group>";
		};
		08A991EE1E087C5400B47D8D /* Products */ = {
			isa = PBXGroup;
			children = (
				08A991ED1E087C5400B47D8D /* abacus.app */,
			);
			name = Products;
			sourceTree = "<group>";
		};
		08A991EF1E087C5400B47D8D /* abacus */ = {
			isa = PBXGroup;
			children = (
				08A991F01E087C5400B47D8D /* AppDelegate.swift */,
				08A991F21E087C5400B47D8D /* ViewController.swift */,
				08A991F41E087C5400B47D8D /* Main.storyboard */,
				08A991F71E087C5400B47D8D /* Assets.xcassets */,
				08A991F91E087C5400B47D8D /* LaunchScreen.storyboard */,
				08A991FC1E087C5400B47D8D /* Info.plist */,
			);
			path = abacus;
			sourceTree = "<group>";
		};
/* End PBXGroup section */

/* Begin PBXNativeTarget section */
		08A991EC1E087C5400B47D8D /* abacus */ = {
			isa = PBXNativeTarget;
			buildConfigurationList = 08A991FF1E087C5400B47D8D /* Build configuration list for PBXNativeTarget "abacus" */;
			buildPhases = (
				08A991E91E087C5400B47D8D /* Sources */,
				08A991EA1E087C5400B47D8D /* Frameworks */,
				08A991EB1E087C5400B47D8D /* Resources */,
			);
			buildRules = (
			);
			dependencies = (
			);
			name = abacus;
			productName = abacus;
			productReference = 08A991ED1E087C5400B47D8D /* abacus.app */;
			productType = "com.apple.product-type.application";
		};
/* End PBXNativeTarget section */

/* Begin PBXProject section */
		08A991E51E087C5400B47D8D /* Project object */ = {
			isa = PBXProject;
			attributes = {
				LastSwiftUpdateCheck = 0820;
				LastUpgradeCheck = 0820;
				ORGANIZATIONNAME = "Northwestern University";
				TargetAttributes = {
					08A991EC1E087C5400B47D8D = {
						CreatedOnToolsVersion = 8.2;
						DevelopmentTeam = HL7S2EUM3A;
						ProvisioningStyle = Automatic;
					};
				};
			};
			buildConfigurationList = 08A991E81E087C5400B47D8D /* Build configuration list for PBXProject "abacus" */;
			compatibilityVersion = "Xcode 3.2";
			developmentRegion = English;
			hasScannedForEncodings = 0;
			knownRegions = (
				en,
				Base,
			);
			mainGroup = 08A991E41E087C5400B47D8D;
			productRefGroup = 08A991EE1E087C5400B47D8D /* Products */;
			projectDirPath = "";
			projectRoot = "";
			targets = (
				08A991EC1E087C5400B47D8D /* abacus */,
			);
		};
/* End PBXProject section */

/* Begin PBXResourcesBuildPhase section */
		08A991EB1E087C5400B47D8D /* Resources */ = {
			isa = PBXResourcesBuildPhase;
			buildActionMask = 2147483647;
			files = (
				08A991FB1E087C5400B47D8D /* LaunchScreen.storyboard in Resources */,
				08A991F81E087C5400B47D8D /* Assets.xcassets in Resources */,
				08A991F61E087C5400B47D8D /* Main.storyboard in Resources */,
			);
			runOnlyForDeploymentPostprocessing = 0;
		};
/* End PBXResourcesBuildPhase section */

/* Begin PBXSourcesBuildPhase section */
		08A991E91E087C5400B47D8D /* Sources */ = {
			isa = PBXSourcesBuildPhase;
			buildActionMask = 2147483647;
			files = (
				08A991F31E087C5400B47D8D /* ViewController.swift in Sources */,
				08A991F11E087C5400B47D8D /* AppDelegate.swift in Sources */,
			);
			runOnlyForDeploymentPostprocessing = 0;
		};
/* End PBXSourcesBuildPhase section */

/* Begin PBXVariantGroup section */
		08A991F41E087C5400B47D8D /* Main.storyboard */ = {
			isa = PBXVariantGroup;
			children = (
				08A991F51E087C5400B47D8D /* Base */,
			);
			name = Main.storyboard;
			sourceTree = "<group>";
		};
		08A991F91E087C5400B47D8D /* LaunchScreen.storyboard */ = {
			isa = PBXVariantGroup;
			children = (
				08A991FA1E087C5400B47D8D /* Base */,
			);
			name = LaunchScreen.storyboard;
			sourceTree = "<group>";
		};
/* End PBXVariantGroup section */

/* Begin XCBuildConfiguration section */
		08A991FD1E087C5400B47D8D /* Debug */ = {
			isa = XCBuildConfiguration;
			buildSettings = {
				ALWAYS_SEARCH_USER_PATHS = NO;
				CLANG_ANALYZER_NONNULL = YES;
				CLANG_CXX_LANGUAGE_STANDARD = "gnu++0x";
				CLANG_CXX_LIBRARY = "libc++";
				CLANG_ENABLE_MODULES = YES;
				CLANG_ENABLE_OBJC_ARC = YES;
				CLANG_WARN_BOOL_CONVERSION = YES;
				CLANG_WARN_CONSTANT_CONVERSION = YES;
				CLANG_WARN_DIRECT_OBJC_ISA_USAGE = YES_ERROR;
				CLANG_WARN_DOCUMENTATION_COMMENTS = YES;
				CLANG_WARN_EMPTY_BODY = YES;
				CLANG_WARN_ENUM_CONVERSION = YES;
				CLANG_WARN_INFINITE_RECURSION = YES;
				CLANG_WARN_INT_CONVERSION = YES;
				CLANG_WARN_OBJC_ROOT_CLASS = YES_ERROR;
				CLANG_WARN_SUSPICIOUS_MOVE = YES;
				CLANG_WARN_UNREACHABLE_CODE = YES;
				CLANG_WARN__DUPLICATE_METHOD_MATCH = YES;
				"CODE_SIGN_IDENTITY[sdk=iphoneos*]" = "iPhone Developer";
				COPY_PHASE_STRIP = NO;
				DEBUG_INFORMATION_FORMAT = dwarf;
				ENABLE_STRICT_OBJC_MSGSEND = YES;
				ENABLE_TESTABILITY = YES;
				GCC_C_LANGUAGE_STANDARD = gnu99;
				GCC_DYNAMIC_NO_PIC = NO;
				GCC_NO_COMMON_BLOCKS = YES;
				GCC_OPTIMIZATION_LEVEL = 0;
				GCC_PREPROCESSOR_DEFINITIONS = (
					"DEBUG=1",
					"$(inherited)",
				);
				GCC_WARN_64_TO_32_BIT_CONVERSION = YES;
				GCC_WARN_ABOUT_RETURN_TYPE = YES_ERROR;
				GCC_WARN_UNDECLARED_SELECTOR = YES;
				GCC_WARN_UNINITIALIZED_AUTOS = YES_AGGRESSIVE;
				GCC_WARN_UNUSED_FUNCTION = YES;
				GCC_WARN_UNUSED_VARIABLE = YES;
				IPHONEOS_DEPLOYMENT_TARGET = 10.2;
				MTL_ENABLE_DEBUG_INFO = YES;
				ONLY_ACTIVE_ARCH = YES;
				SDKROOT = iphoneos;
				SWIFT_ACTIVE_COMPILATION_CONDITIONS = DEBUG;
				SWIFT_OPTIMIZATION_LEVEL = "-Onone";
				TARGETED_DEVICE_FAMILY = 2;
			};
			name = Debug;
		};
		08A991FE1E087C5400B47D8D /* Release */ = {
			isa = XCBuildConfiguration;
			buildSettings = {
				ALWAYS_SEARCH_USER_PATHS = NO;
				CLANG_ANALYZER_NONNULL = YES;
				CLANG_CXX_LANGUAGE_STANDARD = "gnu++0x";
				CLANG_CXX_LIBRARY = "libc++";
				CLANG_ENABLE_MODULES = YES;
				CLANG_ENABLE_OBJC_ARC = YES;
				CLANG_WARN_BOOL_CONVERSION = YES;
				CLANG_WARN_CONSTANT_CONVERSION = YES;
				CLANG_WARN_DIRECT_OBJC_ISA_USAGE = YES_ERROR;
				CLANG_WARN_DOCUMENTATION_COMMENTS = YES;
				CLANG_WARN_EMPTY_BODY = YES;
				CLANG_WARN_ENUM_CONVERSION = YES;
				CLANG_WARN_INFINITE_RECURSION = YES;
				CLANG_WARN_INT_CONVERSION = YES;
				CLANG_WARN_OBJC_ROOT_CLASS = YES_ERROR;
				CLANG_WARN_SUSPICIOUS_MOVE = YES;
				CLANG_WARN_UNREACHABLE_CODE = YES;
				CLANG_WARN__DUPLICATE_METHOD_MATCH = YES;
				"CODE_SIGN_IDENTITY[sdk=iphoneos*]" = "iPhone Developer";
				COPY_PHASE_STRIP = NO;
				DEBUG_INFORMATION_FORMAT = "dwarf-with-dsym";
				ENABLE_NS_ASSERTIONS = NO;
				ENABLE_STRICT_OBJC_MSGSEND = YES;
				GCC_C_LANGUAGE_STANDARD = gnu99;
				GCC_NO_COMMON_BLOCKS = YES;
				GCC_WARN_64_TO_32_BIT_CONVERSION = YES;
				GCC_WARN_ABOUT_RETURN_TYPE = YES_ERROR;
				GCC_WARN_UNDECLARED_SELECTOR = YES;
				GCC_WARN_UNINITIALIZED_AUTOS = YES_AGGRESSIVE;
				GCC_WARN_UNUSED_FUNCTION = YES;
				GCC_WARN_UNUSED_VARIABLE = YES;
				IPHONEOS_DEPLOYMENT_TARGET = 10.2;
				MTL_ENABLE_DEBUG_INFO = NO;
				SDKROOT = iphoneos;
				SWIFT_OPTIMIZATION_LEVEL = "-Owholemodule";
				TARGETED_DEVICE_FAMILY = 2;
				VALIDATE_PRODUCT = YES;
			};
			name = Release;
		};
		08A992001E087C5400B47D8D /* Debug */ = {
			isa = XCBuildConfiguration;
			buildSettings = {
				ASSETCATALOG_COMPILER_APPICON_NAME = AppIcon;
				DEVELOPMENT_TEAM = HL7S2EUM3A;
				INFOPLIST_FILE = abacus/Info.plist;
				IPHONEOS_DEPLOYMENT_TARGET = 10.0;
				LD_RUNPATH_SEARCH_PATHS = "$(inherited) @executable_path/Frameworks";
				PRODUCT_BUNDLE_IDENTIFIER = tidal.northwestern.abacus;
				PRODUCT_NAME = "$(TARGET_NAME)";
				SWIFT_VERSION = 3.0;
			};
			name = Debug;
		};
		08A992011E087C5400B47D8D /* Release */ = {
			isa = XCBuildConfiguration;
			buildSettings = {
				ASSETCATALOG_COMPILER_APPICON_NAME = AppIcon;
				DEVELOPMENT_TEAM = HL7S2EUM3A;
				INFOPLIST_FILE = abacus/Info.plist;
				IPHONEOS_DEPLOYMENT_TARGET = 10.0;
				LD_RUNPATH_SEARCH_PATHS = "$(inherited) @executable_path/Frameworks";
				PRODUCT_BUNDLE_IDENTIFIER = tidal.northwestern.abacus;
				PRODUCT_NAME = "$(TARGET_NAME)";
				SWIFT_VERSION = 3.0;
			};
			name = Release;
		};
/* End XCBuildConfiguration section */

/* Begin XCConfigurationList section */
		08A991E81E087C5400B47D8D /* Build configuration list for PBXProject "abacus" */ = {
			isa = XCConfigurationList;
			buildConfigurations = (
				08A991FD1E087C5400B47D8D /* Debug */,
				08A991FE1E087C5400B47D8D /* Release */,
			);
			defaultConfigurationIsVisible = 0;
			defaultConfigurationName = Release;
		};
		08A991FF1E087C5400B47D8D /* Build configuration list for PBXNativeTarget "abacus" */ = {
			isa = XCConfigurationList;
			buildConfigurations = (
				08A992001E087C5400B47D8D /* Debug */,
				08A992011E087C5400B47D8D /* Release */,
			);
			defaultConfigurationIsVisible = 0;
		};
/* End XCConfigurationList section */
	};
	rootObject = 08A991E51E087C5400B47D8D /* Project object */;
}
